{
  "name": "@eix/input",
  "version": "1.0.0",
  "lockfileVersion": 1,
  "requires": true,
  "dependencies": {
    "@rauschma/stringio": {
      "version": "1.4.0",
      "resolved": "https://registry.npmjs.org/@rauschma/stringio/-/stringio-1.4.0.tgz",
      "integrity": "sha512-3uor2f/MXZkmX5RJf8r+OC3WvZVzpSme0yyL0rQDPEnatE02qRcqwEwnsgpgriEck0S/n4vWtUd6tTtrJwk45Q==",
      "dev": true,
      "requires": {
        "@types/node": "^10.0.3"
      },
      "dependencies": {
        "@types/node": {
          "version": "10.14.5",
          "resolved": "https://registry.npmjs.org/@types/node/-/node-10.14.5.tgz",
          "integrity": "sha512-Ja7d4s0qyGFxjGeDq5S7Si25OFibSAHUi6i17UWnwNnpitADN7hah9q0Tl25gxuV5R1u2Bx+np6w4LHXfHyj/g==",
          "dev": true
        }
      }
    },
    "@types/node": {
      "version": "11.13.7",
      "resolved": "https://registry.npmjs.org/@types/node/-/node-11.13.7.tgz",
      "integrity": "sha512-suFHr6hcA9mp8vFrZTgrmqW2ZU3mbWsryQtQlY/QvwTISCw7nw/j+bCQPPohqmskhmqa5wLNuMHTTsc+xf1MQg==",
      "dev": true
    },
    "keycode": {
      "version": "2.2.0",
      "resolved": "https://registry.npmjs.org/keycode/-/keycode-2.2.0.tgz",
      "integrity": "sha1-PQr1bce4uOXLqNCpfxByBO7CKwQ="
    },
    "node-ts": {
      "version": "5.0.1",
      "resolved": "https://registry.npmjs.org/node-ts/-/node-ts-5.0.1.tgz",
      "integrity": "sha512-+u5t5SIMDg8g1xF7Qj6nVMt61Pl6mgRFGN4Lf8gzuuz/iDcgmn4u4hUw6xtyC0xe1xemcSXD2QoI6OJpYBkuvQ==",
      "dev": true,
      "requires": {
        "@rauschma/stringio": "^1.4.0",
        "@types/node": "^11.13.6"
      }
    },
    "rxjs": {
      "version": "6.5.1",
      "resolved": "https://registry.npmjs.org/rxjs/-/rxjs-6.5.1.tgz",
      "integrity": "sha512-y0j31WJc83wPu31vS1VlAFW5JGrnGC+j+TtGAa1fRQphy48+fDYiDmX8tjGloToEsMkxnouOg/1IzXGKkJnZMg==",
      "requires": {
        "tslib": "^1.9.0"
      }
    },
    "tslib": {
      "version": "1.9.3",
      "resolved": "https://registry.npmjs.org/tslib/-/tslib-1.9.3.tgz",
      "integrity": "sha512-4krF8scpejhaOgqzBEcGM7yDIEfi0/8+8zDRZhNZZ2kjmHJ4hv3zCbQWxoJGz1iw5U0Jl0nma13xzHXcncMavQ=="
    },
    "typescript": {
      "version": "3.4.4",
      "resolved": "https://registry.npmjs.org/typescript/-/typescript-3.4.4.tgz",
      "integrity": "sha512-xt5RsIRCEaf6+j9AyOBgvVuAec0i92rgCaS3S+UVf5Z/vF2Hvtsw08wtUTJqp4djwznoAgjSxeCcU4r+CcDBJA==",
      "dev": true
    }
  }
}
